
Microsoft Visual Studio Solution File, Format Version 12.00
# Visual Studio 15
VisualStudioVersion = 15.0.28307.1169
MinimumVisualStudioVersion = 10.0.40219.1
Project("{FAE04EC0-301F-11D3-BF4B-00C04F79EFBC}") = "cryptoTrade-api", "cryptoTrade-api\cryptoTrade-api.csproj", "{E38467D3-CE1C-475A-A5FA-8DFB22E674C3}"
EndProject
Project("{FAE04EC0-301F-11D3-BF4B-00C04F79EFBC}") = "NUnitTest-cryptoTrade-api", "NUnitTestProject1\NUnitTest-cryptoTrade-api.csproj", "{B7765446-7244-467D-BD04-D2866B945D01}"
EndProject
Global
	GlobalSection(SolutionConfigurationPlatforms) = preSolution
		Debug|Any CPU = Debug|Any CPU
		Release|Any CPU = Release|Any CPU
	EndGlobalSection
	GlobalSection(ProjectConfigurationPlatforms) = postSolution
		{E38467D3-CE1C-475A-A5FA-8DFB22E674C3}.Debug|Any CPU.ActiveCfg = Debug|Any CPU
		{E38467D3-CE1C-475A-A5FA-8DFB22E674C3}.Debug|Any CPU.Build.0 = Debug|Any CPU
		{E38467D3-CE1C-475A-A5FA-8DFB22E674C3}.Release|Any CPU.ActiveCfg = Release|Any CPU
		{E38467D3-CE1C-475A-A5FA-8DFB22E674C3}.Release|Any CPU.Build.0 = Release|Any CPU
		{B7765446-7244-467D-BD04-D2866B945D01}.Debug|Any CPU.ActiveCfg = Debug|Any CPU
		{B7765446-7244-467D-BD04-D2866B945D01}.Debug|Any CPU.Build.0 = Debug|Any CPU
		{B7765446-7244-467D-BD04-D2866B945D01}.Release|Any CPU.ActiveCfg = Release|Any CPU
		{B7765446-7244-467D-BD04-D2866B945D01}.Release|Any CPU.Build.0 = Release|Any CPU
	EndGlobalSection
	GlobalSection(SolutionProperties) = preSolution
		HideSolutionNode = FALSE
	EndGlobalSection
	GlobalSection(ExtensibilityGlobals) = postSolution
		SolutionGuid = {962CC49A-13D0-4155-93A8-67773C3F9000}
	EndGlobalSection
EndGlobal
